
Microsoft Visual Studio Solution File, Format Version 12.00
# Visual Studio Version 17
VisualStudioVersion = 17.5.002.0
MinimumVisualStudioVersion = 10.0.40219.1
Project("{9A19103F-16F7-4668-BE54-9A1E7A4F7556}") = "Lista05", "Lista05.csproj", "{6BF6F77B-76F8-4F18-AFF3-526C2B6CAC91}"
EndProject
Global
	GlobalSection(SolutionConfigurationPlatforms) = preSolution
		Debug|Any CPU = Debug|Any CPU
		Release|Any CPU = Release|Any CPU
	EndGlobalSection
	GlobalSection(ProjectConfigurationPlatforms) = postSolution
		{6BF6F77B-76F8-4F18-AFF3-526C2B6CAC91}.Debug|Any CPU.ActiveCfg = Debug|Any CPU
		{6BF6F77B-76F8-4F18-AFF3-526C2B6CAC91}.Debug|Any CPU.Build.0 = Debug|Any CPU
		{6BF6F77B-76F8-4F18-AFF3-526C2B6CAC91}.Release|Any CPU.ActiveCfg = Release|Any CPU
		{6BF6F77B-76F8-4F18-AFF3-526C2B6CAC91}.Release|Any CPU.Build.0 = Release|Any CPU
	EndGlobalSection
	GlobalSection(SolutionProperties) = preSolution
		HideSolutionNode = FALSE
	EndGlobalSection
	GlobalSection(ExtensibilityGlobals) = postSolution
		SolutionGuid = {C341A87A-475F-43ED-890C-03A1DB887A59}
	EndGlobalSection
EndGlobal
